
Microsoft Visual Studio Solution File, Format Version 12.00
# Visual Studio 15
VisualStudioVersion = 15.0.28010.2036
MinimumVisualStudioVersion = 10.0.40219.1
Project("{FAE04EC0-301F-11D3-BF4B-00C04F79EFBC}") = "FL 1", "FL1\FL 1.csproj", "{3DC15139-A2AF-4772-AD7E-84B06C1E35F7}"
EndProject
Project("{FAE04EC0-301F-11D3-BF4B-00C04F79EFBC}") = "FL 2 Yatzy", "FL2 13 sep\FL 2 Yatzy.csproj", "{8CF5A4A0-E6D3-4F32-AA61-4010CC788D5C}"
EndProject
Project("{FAE04EC0-301F-11D3-BF4B-00C04F79EFBC}") = "Fl 3", "Fl 3\Fl 3.csproj", "{627F82EE-E91F-497C-9110-B67D71D45D6D}"
EndProject
Project("{FAE04EC0-301F-11D3-BF4B-00C04F79EFBC}") = "FL 4", "FL 4\FL 4.csproj", "{D0E925D0-782F-4746-940B-752D30D9F4BF}"
EndProject
Project("{FAE04EC0-301F-11D3-BF4B-00C04F79EFBC}") = "FL 5", "FL 5\FL 5.csproj", "{CBD3E950-C6B8-433E-95C9-614612E15C9E}"
EndProject
Project("{FAE04EC0-301F-11D3-BF4B-00C04F79EFBC}") = "FL 6", "FL6\FL 6.csproj", "{5E1FBB04-EA6C-46DB-9D08-955DA818CC45}"
EndProject
Project("{FAE04EC0-301F-11D3-BF4B-00C04F79EFBC}") = "Yatzy1.1", "Yatzy1.1\Yatzy1.1.csproj", "{E5832E26-6098-4912-81F0-BCFB680F2F42}"
EndProject
Project("{FAE04EC0-301F-11D3-BF4B-00C04F79EFBC}") = "FL 7", "FL7\FL 7.csproj", "{52329523-771C-4740-87ED-1E1AAD31B5E9}"
EndProject
Project("{FAE04EC0-301F-11D3-BF4B-00C04F79EFBC}") = "FL 8", "FL8\FL 8.csproj", "{4384756D-22F5-48CF-9AD2-A9825A2DE9B7}"
EndProject
Project("{FAE04EC0-301F-11D3-BF4B-00C04F79EFBC}") = "FL 9 Arv", "FL9\FL 9 Arv.csproj", "{663E022E-A592-487A-93BA-1FC8684A7D1A}"
EndProject
Project("{FAE04EC0-301F-11D3-BF4B-00C04F79EFBC}") = "FL10 Accosiationer och fillagring", "FL10\FL10 Accosiationer och fillagring.csproj", "{2CCE1D92-877F-45DF-8EDE-141E96BFF62E}"
EndProject
Project("{FAE04EC0-301F-11D3-BF4B-00C04F79EFBC}") = "FL11", "FL11\FL11.csproj", "{E4438207-8046-4719-9CE1-D8CF8BB40434}"
EndProject
Global
	GlobalSection(SolutionConfigurationPlatforms) = preSolution
		Debug|Any CPU = Debug|Any CPU
		Release|Any CPU = Release|Any CPU
	EndGlobalSection
	GlobalSection(ProjectConfigurationPlatforms) = postSolution
		{3DC15139-A2AF-4772-AD7E-84B06C1E35F7}.Debug|Any CPU.ActiveCfg = Debug|Any CPU
		{3DC15139-A2AF-4772-AD7E-84B06C1E35F7}.Debug|Any CPU.Build.0 = Debug|Any CPU
		{3DC15139-A2AF-4772-AD7E-84B06C1E35F7}.Release|Any CPU.ActiveCfg = Release|Any CPU
		{3DC15139-A2AF-4772-AD7E-84B06C1E35F7}.Release|Any CPU.Build.0 = Release|Any CPU
		{8CF5A4A0-E6D3-4F32-AA61-4010CC788D5C}.Debug|Any CPU.ActiveCfg = Debug|Any CPU
		{8CF5A4A0-E6D3-4F32-AA61-4010CC788D5C}.Debug|Any CPU.Build.0 = Debug|Any CPU
		{8CF5A4A0-E6D3-4F32-AA61-4010CC788D5C}.Release|Any CPU.ActiveCfg = Release|Any CPU
		{8CF5A4A0-E6D3-4F32-AA61-4010CC788D5C}.Release|Any CPU.Build.0 = Release|Any CPU
		{627F82EE-E91F-497C-9110-B67D71D45D6D}.Debug|Any CPU.ActiveCfg = Debug|Any CPU
		{627F82EE-E91F-497C-9110-B67D71D45D6D}.Debug|Any CPU.Build.0 = Debug|Any CPU
		{627F82EE-E91F-497C-9110-B67D71D45D6D}.Release|Any CPU.ActiveCfg = Release|Any CPU
		{627F82EE-E91F-497C-9110-B67D71D45D6D}.Release|Any CPU.Build.0 = Release|Any CPU
		{D0E925D0-782F-4746-940B-752D30D9F4BF}.Debug|Any CPU.ActiveCfg = Debug|Any CPU
		{D0E925D0-782F-4746-940B-752D30D9F4BF}.Debug|Any CPU.Build.0 = Debug|Any CPU
		{D0E925D0-782F-4746-940B-752D30D9F4BF}.Release|Any CPU.ActiveCfg = Release|Any CPU
		{D0E925D0-782F-4746-940B-752D30D9F4BF}.Release|Any CPU.Build.0 = Release|Any CPU
		{CBD3E950-C6B8-433E-95C9-614612E15C9E}.Debug|Any CPU.ActiveCfg = Debug|Any CPU
		{CBD3E950-C6B8-433E-95C9-614612E15C9E}.Debug|Any CPU.Build.0 = Debug|Any CPU
		{CBD3E950-C6B8-433E-95C9-614612E15C9E}.Release|Any CPU.ActiveCfg = Release|Any CPU
		{CBD3E950-C6B8-433E-95C9-614612E15C9E}.Release|Any CPU.Build.0 = Release|Any CPU
		{5E1FBB04-EA6C-46DB-9D08-955DA818CC45}.Debug|Any CPU.ActiveCfg = Debug|Any CPU
		{5E1FBB04-EA6C-46DB-9D08-955DA818CC45}.Debug|Any CPU.Build.0 = Debug|Any CPU
		{5E1FBB04-EA6C-46DB-9D08-955DA818CC45}.Release|Any CPU.ActiveCfg = Release|Any CPU
		{5E1FBB04-EA6C-46DB-9D08-955DA818CC45}.Release|Any CPU.Build.0 = Release|Any CPU
		{E5832E26-6098-4912-81F0-BCFB680F2F42}.Debug|Any CPU.ActiveCfg = Debug|Any CPU
		{E5832E26-6098-4912-81F0-BCFB680F2F42}.Debug|Any CPU.Build.0 = Debug|Any CPU
		{E5832E26-6098-4912-81F0-BCFB680F2F42}.Release|Any CPU.ActiveCfg = Release|Any CPU
		{E5832E26-6098-4912-81F0-BCFB680F2F42}.Release|Any CPU.Build.0 = Release|Any CPU
		{52329523-771C-4740-87ED-1E1AAD31B5E9}.Debug|Any CPU.ActiveCfg = Debug|Any CPU
		{52329523-771C-4740-87ED-1E1AAD31B5E9}.Debug|Any CPU.Build.0 = Debug|Any CPU
		{52329523-771C-4740-87ED-1E1AAD31B5E9}.Release|Any CPU.ActiveCfg = Release|Any CPU
		{52329523-771C-4740-87ED-1E1AAD31B5E9}.Release|Any CPU.Build.0 = Release|Any CPU
		{4384756D-22F5-48CF-9AD2-A9825A2DE9B7}.Debug|Any CPU.ActiveCfg = Debug|Any CPU
		{4384756D-22F5-48CF-9AD2-A9825A2DE9B7}.Debug|Any CPU.Build.0 = Debug|Any CPU
		{4384756D-22F5-48CF-9AD2-A9825A2DE9B7}.Release|Any CPU.ActiveCfg = Release|Any CPU
		{4384756D-22F5-48CF-9AD2-A9825A2DE9B7}.Release|Any CPU.Build.0 = Release|Any CPU
		{663E022E-A592-487A-93BA-1FC8684A7D1A}.Debug|Any CPU.ActiveCfg = Debug|Any CPU
		{663E022E-A592-487A-93BA-1FC8684A7D1A}.Debug|Any CPU.Build.0 = Debug|Any CPU
		{663E022E-A592-487A-93BA-1FC8684A7D1A}.Release|Any CPU.ActiveCfg = Release|Any CPU
		{663E022E-A592-487A-93BA-1FC8684A7D1A}.Release|Any CPU.Build.0 = Release|Any CPU
		{2CCE1D92-877F-45DF-8EDE-141E96BFF62E}.Debug|Any CPU.ActiveCfg = Debug|Any CPU
		{2CCE1D92-877F-45DF-8EDE-141E96BFF62E}.Debug|Any CPU.Build.0 = Debug|Any CPU
		{2CCE1D92-877F-45DF-8EDE-141E96BFF62E}.Release|Any CPU.ActiveCfg = Release|Any CPU
		{2CCE1D92-877F-45DF-8EDE-141E96BFF62E}.Release|Any CPU.Build.0 = Release|Any CPU
		{E4438207-8046-4719-9CE1-D8CF8BB40434}.Debug|Any CPU.ActiveCfg = Debug|Any CPU
		{E4438207-8046-4719-9CE1-D8CF8BB40434}.Debug|Any CPU.Build.0 = Debug|Any CPU
		{E4438207-8046-4719-9CE1-D8CF8BB40434}.Release|Any CPU.ActiveCfg = Release|Any CPU
		{E4438207-8046-4719-9CE1-D8CF8BB40434}.Release|Any CPU.Build.0 = Release|Any CPU
	EndGlobalSection
	GlobalSection(SolutionProperties) = preSolution
		HideSolutionNode = FALSE
	EndGlobalSection
	GlobalSection(ExtensibilityGlobals) = postSolution
		SolutionGuid = {2DC158FB-0797-4625-B9DE-CB786143BC96}
	EndGlobalSection
EndGlobal
